
Microsoft Visual Studio Solution File, Format Version 12.00
# Visual Studio Version 16
VisualStudioVersion = 16.0.30804.86
MinimumVisualStudioVersion = 10.0.40219.1
Project("{9A19103F-16F7-4668-BE54-9A1E7A4F7556}") = "JQuaryClient", "JQuaryClient.csproj", "{24E09227-979E-41CB-BD28-A1BD3354648B}"
EndProject
Global
	GlobalSection(SolutionConfigurationPlatforms) = preSolution
		Debug|Any CPU = Debug|Any CPU
		Release|Any CPU = Release|Any CPU
	EndGlobalSection
	GlobalSection(ProjectConfigurationPlatforms) = postSolution
		{24E09227-979E-41CB-BD28-A1BD3354648B}.Debug|Any CPU.ActiveCfg = Debug|Any CPU
		{24E09227-979E-41CB-BD28-A1BD3354648B}.Debug|Any CPU.Build.0 = Debug|Any CPU
		{24E09227-979E-41CB-BD28-A1BD3354648B}.Release|Any CPU.ActiveCfg = Release|Any CPU
		{24E09227-979E-41CB-BD28-A1BD3354648B}.Release|Any CPU.Build.0 = Release|Any CPU
	EndGlobalSection
	GlobalSection(SolutionProperties) = preSolution
		HideSolutionNode = FALSE
	EndGlobalSection
	GlobalSection(ExtensibilityGlobals) = postSolution
		SolutionGuid = {E73C7671-CF85-4F9E-9D2A-AFF1E90615B3}
	EndGlobalSection
EndGlobal
